// !$*UTF8*$!
{
	archiveVersion = 1;
	classes = {
	};
	objectVersion = 50;
	objects = {

/* Begin PBXBuildFile section */
		5EEE19E651C308E3A1D0C601 /* libPods-favqs-favqsUITests.a in Frameworks */ = {isa = PBXBuildFile; fileRef = 67676F59E13DF076828CF261 /* libPods-favqs-favqsUITests.a */; };
		69FBC6152D368967FFAE5463 /* libPods-favqs.a in Frameworks */ = {isa = PBXBuildFile; fileRef = B047084F6221F8E56E4285C6 /* libPods-favqs.a */; };
		6A1C932226F3EC39004E7D40 /* GetUserUseCase.swift in Sources */ = {isa = PBXBuildFile; fileRef = 6A1C932126F3EC39004E7D40 /* GetUserUseCase.swift */; };
		6A1C932326F3EC39004E7D40 /* GetUserUseCase.swift in Sources */ = {isa = PBXBuildFile; fileRef = 6A1C932126F3EC39004E7D40 /* GetUserUseCase.swift */; };
		6A1C932926F3FAD3004E7D40 /* UserResponse.swift in Sources */ = {isa = PBXBuildFile; fileRef = 6A1C932826F3FAD3004E7D40 /* UserResponse.swift */; };
		6A1C932A26F3FAD3004E7D40 /* UserResponse.swift in Sources */ = {isa = PBXBuildFile; fileRef = 6A1C932826F3FAD3004E7D40 /* UserResponse.swift */; };
		6A1C932E26F4007C004E7D40 /* UserTableViewCell.swift in Sources */ = {isa = PBXBuildFile; fileRef = 6A1C932C26F4007C004E7D40 /* UserTableViewCell.swift */; };
		6A1C932F26F4007C004E7D40 /* UserTableViewCell.swift in Sources */ = {isa = PBXBuildFile; fileRef = 6A1C932C26F4007C004E7D40 /* UserTableViewCell.swift */; };
		6A1C933026F4007C004E7D40 /* UserTableViewCell.xib in Resources */ = {isa = PBXBuildFile; fileRef = 6A1C932D26F4007C004E7D40 /* UserTableViewCell.xib */; };
		6A1C933126F4007C004E7D40 /* UserTableViewCell.xib in Resources */ = {isa = PBXBuildFile; fileRef = 6A1C932D26F4007C004E7D40 /* UserTableViewCell.xib */; };
		6A1C933326F40D41004E7D40 /* KeychainService.swift in Sources */ = {isa = PBXBuildFile; fileRef = 6A1C933226F40D41004E7D40 /* KeychainService.swift */; };
		6A1C933426F40D41004E7D40 /* KeychainService.swift in Sources */ = {isa = PBXBuildFile; fileRef = 6A1C933226F40D41004E7D40 /* KeychainService.swift */; };
		6A1C933826F40EF7004E7D40 /* UIView+Utils.swift in Sources */ = {isa = PBXBuildFile; fileRef = 6A1C933726F40EF7004E7D40 /* UIView+Utils.swift */; };
		6A1C933A26F410FF004E7D40 /* QuotesResponse.swift in Sources */ = {isa = PBXBuildFile; fileRef = 6A1C933926F410FF004E7D40 /* QuotesResponse.swift */; };
		6A1C933D26F4115E004E7D40 /* QuoteTableViewCell.swift in Sources */ = {isa = PBXBuildFile; fileRef = 6A1C933B26F4115E004E7D40 /* QuoteTableViewCell.swift */; };
		6A1C933E26F4115E004E7D40 /* QuoteTableViewCell.xib in Resources */ = {isa = PBXBuildFile; fileRef = 6A1C933C26F4115E004E7D40 /* QuoteTableViewCell.xib */; };
		6A1C934126F4133E004E7D40 /* UserFavouritesViewModel.swift in Sources */ = {isa = PBXBuildFile; fileRef = 6A1C934026F4133E004E7D40 /* UserFavouritesViewModel.swift */; };
		6A1C934326F49443004E7D40 /* ApiRouter.swift in Sources */ = {isa = PBXBuildFile; fileRef = 6A1C934226F49443004E7D40 /* ApiRouter.swift */; };
		6A1C934426F49443004E7D40 /* ApiRouter.swift in Sources */ = {isa = PBXBuildFile; fileRef = 6A1C934226F49443004E7D40 /* ApiRouter.swift */; };
		6ABEE91726F3710E007FA4FC /* AppDelegate.swift in Sources */ = {isa = PBXBuildFile; fileRef = 6ABEE91626F3710E007FA4FC /* AppDelegate.swift */; };
		6ABEE92026F3710F007FA4FC /* Assets.xcassets in Resources */ = {isa = PBXBuildFile; fileRef = 6ABEE91F26F3710F007FA4FC /* Assets.xcassets */; };
		6ABEE92326F3710F007FA4FC /* LaunchScreen.storyboard in Resources */ = {isa = PBXBuildFile; fileRef = 6ABEE92126F3710F007FA4FC /* LaunchScreen.storyboard */; };
		6ABEE92E26F3710F007FA4FC /* favqsTests.swift in Sources */ = {isa = PBXBuildFile; fileRef = 6ABEE92D26F3710F007FA4FC /* favqsTests.swift */; };
		6ABEE93926F37110007FA4FC /* favqsUITests.swift in Sources */ = {isa = PBXBuildFile; fileRef = 6ABEE93826F37110007FA4FC /* favqsUITests.swift */; };
		6ABEE94926F37B60007FA4FC /* AppCoordinator.swift in Sources */ = {isa = PBXBuildFile; fileRef = 6ABEE94826F37B60007FA4FC /* AppCoordinator.swift */; };
		6ABEE94A26F37B60007FA4FC /* AppCoordinator.swift in Sources */ = {isa = PBXBuildFile; fileRef = 6ABEE94826F37B60007FA4FC /* AppCoordinator.swift */; };
		6ABEE94C26F37BA1007FA4FC /* Coordinator.swift in Sources */ = {isa = PBXBuildFile; fileRef = 6ABEE94B26F37BA1007FA4FC /* Coordinator.swift */; };
		6ABEE94D26F37BA1007FA4FC /* Coordinator.swift in Sources */ = {isa = PBXBuildFile; fileRef = 6ABEE94B26F37BA1007FA4FC /* Coordinator.swift */; };
		6ABEE94F26F37F68007FA4FC /* LoginCoordinator.swift in Sources */ = {isa = PBXBuildFile; fileRef = 6ABEE94E26F37F68007FA4FC /* LoginCoordinator.swift */; };
		6ABEE95026F37F68007FA4FC /* LoginCoordinator.swift in Sources */ = {isa = PBXBuildFile; fileRef = 6ABEE94E26F37F68007FA4FC /* LoginCoordinator.swift */; };
		6ABEE95226F37FD8007FA4FC /* NavigationCoordinator.swift in Sources */ = {isa = PBXBuildFile; fileRef = 6ABEE95126F37FD8007FA4FC /* NavigationCoordinator.swift */; };
		6ABEE95326F37FD8007FA4FC /* NavigationCoordinator.swift in Sources */ = {isa = PBXBuildFile; fileRef = 6ABEE95126F37FD8007FA4FC /* NavigationCoordinator.swift */; };
		6ABEE95726F380D7007FA4FC /* LoginViewController.storyboard in Resources */ = {isa = PBXBuildFile; fileRef = 6ABEE95526F380D7007FA4FC /* LoginViewController.storyboard */; };
		6ABEE95826F380D7007FA4FC /* LoginViewController.storyboard in Resources */ = {isa = PBXBuildFile; fileRef = 6ABEE95526F380D7007FA4FC /* LoginViewController.storyboard */; };
		6ABEE95926F380D7007FA4FC /* LoginViewController.swift in Sources */ = {isa = PBXBuildFile; fileRef = 6ABEE95626F380D7007FA4FC /* LoginViewController.swift */; };
		6ABEE95A26F380D7007FA4FC /* LoginViewController.swift in Sources */ = {isa = PBXBuildFile; fileRef = 6ABEE95626F380D7007FA4FC /* LoginViewController.swift */; };
		6ABEE96026F381A7007FA4FC /* WebServiceClient.swift in Sources */ = {isa = PBXBuildFile; fileRef = 6ABEE95F26F381A7007FA4FC /* WebServiceClient.swift */; };
		6ABEE96126F381A7007FA4FC /* WebServiceClient.swift in Sources */ = {isa = PBXBuildFile; fileRef = 6ABEE95F26F381A7007FA4FC /* WebServiceClient.swift */; };
		6ABEE96226F381A7007FA4FC /* WebServiceClient.swift in Sources */ = {isa = PBXBuildFile; fileRef = 6ABEE95F26F381A7007FA4FC /* WebServiceClient.swift */; };
		6ABEE96626F383FE007FA4FC /* StoryboardScenes.swift in Sources */ = {isa = PBXBuildFile; fileRef = 6ABEE96526F383FE007FA4FC /* StoryboardScenes.swift */; };
		6ABEE96926F3C3F4007FA4FC /* FavouritesViewController.storyboard in Resources */ = {isa = PBXBuildFile; fileRef = 6ABEE96726F3C3F4007FA4FC /* FavouritesViewController.storyboard */; };
		6ABEE96A26F3C3F4007FA4FC /* FavouritesViewController.storyboard in Resources */ = {isa = PBXBuildFile; fileRef = 6ABEE96726F3C3F4007FA4FC /* FavouritesViewController.storyboard */; };
		6ABEE96B26F3C3F4007FA4FC /* FavouritesViewController.swift in Sources */ = {isa = PBXBuildFile; fileRef = 6ABEE96826F3C3F4007FA4FC /* FavouritesViewController.swift */; };
		6ABEE96C26F3C3F4007FA4FC /* FavouritesViewController.swift in Sources */ = {isa = PBXBuildFile; fileRef = 6ABEE96826F3C3F4007FA4FC /* FavouritesViewController.swift */; };
		6ABEE96E26F3C47D007FA4FC /* FavouritesCoordinator.swift in Sources */ = {isa = PBXBuildFile; fileRef = 6ABEE96D26F3C47D007FA4FC /* FavouritesCoordinator.swift */; };
		6ABEE96F26F3C47D007FA4FC /* FavouritesCoordinator.swift in Sources */ = {isa = PBXBuildFile; fileRef = 6ABEE96D26F3C47D007FA4FC /* FavouritesCoordinator.swift */; };
		6ABEE97326F3D317007FA4FC /* LoginUseCase.swift in Sources */ = {isa = PBXBuildFile; fileRef = 6ABEE97226F3D317007FA4FC /* LoginUseCase.swift */; };
		6ABEE97426F3D317007FA4FC /* LoginUseCase.swift in Sources */ = {isa = PBXBuildFile; fileRef = 6ABEE97226F3D317007FA4FC /* LoginUseCase.swift */; };
		6ABEE97626F3D324007FA4FC /* LogoutUseCase.swift in Sources */ = {isa = PBXBuildFile; fileRef = 6ABEE97526F3D324007FA4FC /* LogoutUseCase.swift */; };
		6ABEE97726F3D324007FA4FC /* LogoutUseCase.swift in Sources */ = {isa = PBXBuildFile; fileRef = 6ABEE97526F3D324007FA4FC /* LogoutUseCase.swift */; };
		6ABEE97926F3D333007FA4FC /* GetFavouritesUseCase.swift in Sources */ = {isa = PBXBuildFile; fileRef = 6ABEE97826F3D333007FA4FC /* GetFavouritesUseCase.swift */; };
		6ABEE97A26F3D333007FA4FC /* GetFavouritesUseCase.swift in Sources */ = {isa = PBXBuildFile; fileRef = 6ABEE97826F3D333007FA4FC /* GetFavouritesUseCase.swift */; };
		6ABEE97C26F3D474007FA4FC /* SessionResponse.swift in Sources */ = {isa = PBXBuildFile; fileRef = 6ABEE97B26F3D474007FA4FC /* SessionResponse.swift */; };
		6ABEE97D26F3D474007FA4FC /* SessionResponse.swift in Sources */ = {isa = PBXBuildFile; fileRef = 6ABEE97B26F3D474007FA4FC /* SessionResponse.swift */; };
		CD86191C76FBE9596E0D6EF5 /* libPods-favqsTests.a in Frameworks */ = {isa = PBXBuildFile; fileRef = F568C5DA5E4E52DDF6AA438C /* libPods-favqsTests.a */; };
/* End PBXBuildFile section */

/* Begin PBXContainerItemProxy section */
		6ABEE92A26F3710F007FA4FC /* PBXContainerItemProxy */ = {
			isa = PBXContainerItemProxy;
			containerPortal = 6ABEE90B26F3710E007FA4FC /* Project object */;
			proxyType = 1;
			remoteGlobalIDString = 6ABEE91226F3710E007FA4FC;
			remoteInfo = favqs;
		};
		6ABEE93526F3710F007FA4FC /* PBXContainerItemProxy */ = {
			isa = PBXContainerItemProxy;
			containerPortal = 6ABEE90B26F3710E007FA4FC /* Project object */;
			proxyType = 1;
			remoteGlobalIDString = 6ABEE91226F3710E007FA4FC;
			remoteInfo = favqs;
		};
/* End PBXContainerItemProxy section */

/* Begin PBXFileReference section */
		039D83985D46150C327A15C2 /* Pods-favqs.debug.xcconfig */ = {isa = PBXFileReference; includeInIndex = 1; lastKnownFileType = text.xcconfig; name = "Pods-favqs.debug.xcconfig"; path = "Target Support Files/Pods-favqs/Pods-favqs.debug.xcconfig"; sourceTree = "<group>"; };
		46E86F335A83D24E3A361E58 /* Pods-favqsTests.release.xcconfig */ = {isa = PBXFileReference; includeInIndex = 1; lastKnownFileType = text.xcconfig; name = "Pods-favqsTests.release.xcconfig"; path = "Target Support Files/Pods-favqsTests/Pods-favqsTests.release.xcconfig"; sourceTree = "<group>"; };
		63679AEDA0341042374D6D17 /* Pods-favqs-favqsUITests.debug.xcconfig */ = {isa = PBXFileReference; includeInIndex = 1; lastKnownFileType = text.xcconfig; name = "Pods-favqs-favqsUITests.debug.xcconfig"; path = "Target Support Files/Pods-favqs-favqsUITests/Pods-favqs-favqsUITests.debug.xcconfig"; sourceTree = "<group>"; };
		67676F59E13DF076828CF261 /* libPods-favqs-favqsUITests.a */ = {isa = PBXFileReference; explicitFileType = archive.ar; includeInIndex = 0; path = "libPods-favqs-favqsUITests.a"; sourceTree = BUILT_PRODUCTS_DIR; };
		6A1C932126F3EC39004E7D40 /* GetUserUseCase.swift */ = {isa = PBXFileReference; lastKnownFileType = sourcecode.swift; path = GetUserUseCase.swift; sourceTree = "<group>"; };
		6A1C932826F3FAD3004E7D40 /* UserResponse.swift */ = {isa = PBXFileReference; lastKnownFileType = sourcecode.swift; path = UserResponse.swift; sourceTree = "<group>"; };
		6A1C932C26F4007C004E7D40 /* UserTableViewCell.swift */ = {isa = PBXFileReference; lastKnownFileType = sourcecode.swift; path = UserTableViewCell.swift; sourceTree = "<group>"; };
		6A1C932D26F4007C004E7D40 /* UserTableViewCell.xib */ = {isa = PBXFileReference; lastKnownFileType = file.xib; path = UserTableViewCell.xib; sourceTree = "<group>"; };
		6A1C933226F40D41004E7D40 /* KeychainService.swift */ = {isa = PBXFileReference; lastKnownFileType = sourcecode.swift; path = KeychainService.swift; sourceTree = "<group>"; };
		6A1C933726F40EF7004E7D40 /* UIView+Utils.swift */ = {isa = PBXFileReference; lastKnownFileType = sourcecode.swift; path = "UIView+Utils.swift"; sourceTree = "<group>"; };
		6A1C933926F410FF004E7D40 /* QuotesResponse.swift */ = {isa = PBXFileReference; lastKnownFileType = sourcecode.swift; path = QuotesResponse.swift; sourceTree = "<group>"; };
		6A1C933B26F4115E004E7D40 /* QuoteTableViewCell.swift */ = {isa = PBXFileReference; lastKnownFileType = sourcecode.swift; path = QuoteTableViewCell.swift; sourceTree = "<group>"; };
		6A1C933C26F4115E004E7D40 /* QuoteTableViewCell.xib */ = {isa = PBXFileReference; lastKnownFileType = file.xib; path = QuoteTableViewCell.xib; sourceTree = "<group>"; };
		6A1C934026F4133E004E7D40 /* UserFavouritesViewModel.swift */ = {isa = PBXFileReference; lastKnownFileType = sourcecode.swift; path = UserFavouritesViewModel.swift; sourceTree = "<group>"; };
		6A1C934226F49443004E7D40 /* ApiRouter.swift */ = {isa = PBXFileReference; lastKnownFileType = sourcecode.swift; path = ApiRouter.swift; sourceTree = "<group>"; };
		6ABEE91326F3710E007FA4FC /* favqs.app */ = {isa = PBXFileReference; explicitFileType = wrapper.application; includeInIndex = 0; path = favqs.app; sourceTree = BUILT_PRODUCTS_DIR; };
		6ABEE91626F3710E007FA4FC /* AppDelegate.swift */ = {isa = PBXFileReference; lastKnownFileType = sourcecode.swift; path = AppDelegate.swift; sourceTree = "<group>"; };
		6ABEE91F26F3710F007FA4FC /* Assets.xcassets */ = {isa = PBXFileReference; lastKnownFileType = folder.assetcatalog; path = Assets.xcassets; sourceTree = "<group>"; };
		6ABEE92226F3710F007FA4FC /* Base */ = {isa = PBXFileReference; lastKnownFileType = file.storyboard; name = Base; path = Base.lproj/LaunchScreen.storyboard; sourceTree = "<group>"; };
		6ABEE92426F3710F007FA4FC /* Info.plist */ = {isa = PBXFileReference; lastKnownFileType = text.plist.xml; path = Info.plist; sourceTree = "<group>"; };
		6ABEE92926F3710F007FA4FC /* favqsTests.xctest */ = {isa = PBXFileReference; explicitFileType = wrapper.cfbundle; includeInIndex = 0; path = favqsTests.xctest; sourceTree = BUILT_PRODUCTS_DIR; };
		6ABEE92D26F3710F007FA4FC /* favqsTests.swift */ = {isa = PBXFileReference; lastKnownFileType = sourcecode.swift; path = favqsTests.swift; sourceTree = "<group>"; };
		6ABEE92F26F3710F007FA4FC /* Info.plist */ = {isa = PBXFileReference; lastKnownFileType = text.plist.xml; path = Info.plist; sourceTree = "<group>"; };
		6ABEE93426F3710F007FA4FC /* favqsUITests.xctest */ = {isa = PBXFileReference; explicitFileType = wrapper.cfbundle; includeInIndex = 0; path = favqsUITests.xctest; sourceTree = BUILT_PRODUCTS_DIR; };
		6ABEE93826F37110007FA4FC /* favqsUITests.swift */ = {isa = PBXFileReference; lastKnownFileType = sourcecode.swift; path = favqsUITests.swift; sourceTree = "<group>"; };
		6ABEE93A26F37110007FA4FC /* Info.plist */ = {isa = PBXFileReference; lastKnownFileType = text.plist.xml; path = Info.plist; sourceTree = "<group>"; };
		6ABEE94826F37B60007FA4FC /* AppCoordinator.swift */ = {isa = PBXFileReference; lastKnownFileType = sourcecode.swift; path = AppCoordinator.swift; sourceTree = "<group>"; };
		6ABEE94B26F37BA1007FA4FC /* Coordinator.swift */ = {isa = PBXFileReference; lastKnownFileType = sourcecode.swift; path = Coordinator.swift; sourceTree = "<group>"; };
		6ABEE94E26F37F68007FA4FC /* LoginCoordinator.swift */ = {isa = PBXFileReference; lastKnownFileType = sourcecode.swift; path = LoginCoordinator.swift; sourceTree = "<group>"; };
		6ABEE95126F37FD8007FA4FC /* NavigationCoordinator.swift */ = {isa = PBXFileReference; lastKnownFileType = sourcecode.swift; path = NavigationCoordinator.swift; sourceTree = "<group>"; };
		6ABEE95526F380D7007FA4FC /* LoginViewController.storyboard */ = {isa = PBXFileReference; lastKnownFileType = file.storyboard; path = LoginViewController.storyboard; sourceTree = "<group>"; };
		6ABEE95626F380D7007FA4FC /* LoginViewController.swift */ = {isa = PBXFileReference; lastKnownFileType = sourcecode.swift; path = LoginViewController.swift; sourceTree = "<group>"; };
		6ABEE95F26F381A7007FA4FC /* WebServiceClient.swift */ = {isa = PBXFileReference; lastKnownFileType = sourcecode.swift; path = WebServiceClient.swift; sourceTree = "<group>"; };
		6ABEE96526F383FE007FA4FC /* StoryboardScenes.swift */ = {isa = PBXFileReference; fileEncoding = 4; lastKnownFileType = sourcecode.swift; path = StoryboardScenes.swift; sourceTree = "<group>"; };
		6ABEE96726F3C3F4007FA4FC /* FavouritesViewController.storyboard */ = {isa = PBXFileReference; lastKnownFileType = file.storyboard; path = FavouritesViewController.storyboard; sourceTree = "<group>"; };
		6ABEE96826F3C3F4007FA4FC /* FavouritesViewController.swift */ = {isa = PBXFileReference; lastKnownFileType = sourcecode.swift; path = FavouritesViewController.swift; sourceTree = "<group>"; };
		6ABEE96D26F3C47D007FA4FC /* FavouritesCoordinator.swift */ = {isa = PBXFileReference; lastKnownFileType = sourcecode.swift; path = FavouritesCoordinator.swift; sourceTree = "<group>"; };
		6ABEE97226F3D317007FA4FC /* LoginUseCase.swift */ = {isa = PBXFileReference; lastKnownFileType = sourcecode.swift; path = LoginUseCase.swift; sourceTree = "<group>"; };
		6ABEE97526F3D324007FA4FC /* LogoutUseCase.swift */ = {isa = PBXFileReference; lastKnownFileType = sourcecode.swift; path = LogoutUseCase.swift; sourceTree = "<group>"; };
		6ABEE97826F3D333007FA4FC /* GetFavouritesUseCase.swift */ = {isa = PBXFileReference; lastKnownFileType = sourcecode.swift; path = GetFavouritesUseCase.swift; sourceTree = "<group>"; };
		6ABEE97B26F3D474007FA4FC /* SessionResponse.swift */ = {isa = PBXFileReference; lastKnownFileType = sourcecode.swift; path = SessionResponse.swift; sourceTree = "<group>"; };
		93FD52FCC538BF647EFFEA0B /* Pods-favqs-favqsUITests.release.xcconfig */ = {isa = PBXFileReference; includeInIndex = 1; lastKnownFileType = text.xcconfig; name = "Pods-favqs-favqsUITests.release.xcconfig"; path = "Target Support Files/Pods-favqs-favqsUITests/Pods-favqs-favqsUITests.release.xcconfig"; sourceTree = "<group>"; };
		B047084F6221F8E56E4285C6 /* libPods-favqs.a */ = {isa = PBXFileReference; explicitFileType = archive.ar; includeInIndex = 0; path = "libPods-favqs.a"; sourceTree = BUILT_PRODUCTS_DIR; };
		C75FDD28F77EBC46FA235082 /* Pods-favqsTests.debug.xcconfig */ = {isa = PBXFileReference; includeInIndex = 1; lastKnownFileType = text.xcconfig; name = "Pods-favqsTests.debug.xcconfig"; path = "Target Support Files/Pods-favqsTests/Pods-favqsTests.debug.xcconfig"; sourceTree = "<group>"; };
		D0721549216741BA52ECD40D /* Pods-favqs.release.xcconfig */ = {isa = PBXFileReference; includeInIndex = 1; lastKnownFileType = text.xcconfig; name = "Pods-favqs.release.xcconfig"; path = "Target Support Files/Pods-favqs/Pods-favqs.release.xcconfig"; sourceTree = "<group>"; };
		F568C5DA5E4E52DDF6AA438C /* libPods-favqsTests.a */ = {isa = PBXFileReference; explicitFileType = archive.ar; includeInIndex = 0; path = "libPods-favqsTests.a"; sourceTree = BUILT_PRODUCTS_DIR; };
/* End PBXFileReference section */

/* Begin PBXFrameworksBuildPhase section */
		6ABEE91026F3710E007FA4FC /* Frameworks */ = {
			isa = PBXFrameworksBuildPhase;
			buildActionMask = 2147483647;
			files = (
				69FBC6152D368967FFAE5463 /* libPods-favqs.a in Frameworks */,
			);
			runOnlyForDeploymentPostprocessing = 0;
		};
		6ABEE92626F3710F007FA4FC /* Frameworks */ = {
			isa = PBXFrameworksBuildPhase;
			buildActionMask = 2147483647;
			files = (
				CD86191C76FBE9596E0D6EF5 /* libPods-favqsTests.a in Frameworks */,
			);
			runOnlyForDeploymentPostprocessing = 0;
		};
		6ABEE93126F3710F007FA4FC /* Frameworks */ = {
			isa = PBXFrameworksBuildPhase;
			buildActionMask = 2147483647;
			files = (
				5EEE19E651C308E3A1D0C601 /* libPods-favqs-favqsUITests.a in Frameworks */,
			);
			runOnlyForDeploymentPostprocessing = 0;
		};
/* End PBXFrameworksBuildPhase section */

/* Begin PBXGroup section */
		6A1C932426F3EF43004E7D40 /* APIs */ = {
			isa = PBXGroup;
			children = (
				6ABEE95F26F381A7007FA4FC /* WebServiceClient.swift */,
				6A1C934226F49443004E7D40 /* ApiRouter.swift */,
			);
			path = APIs;
			sourceTree = "<group>";
		};
		6A1C932B26F40061004E7D40 /* Cells */ = {
			isa = PBXGroup;
			children = (
				6A1C932C26F4007C004E7D40 /* UserTableViewCell.swift */,
				6A1C932D26F4007C004E7D40 /* UserTableViewCell.xib */,
				6A1C933B26F4115E004E7D40 /* QuoteTableViewCell.swift */,
				6A1C933C26F4115E004E7D40 /* QuoteTableViewCell.xib */,
			);
			path = Cells;
			sourceTree = "<group>";
		};
		6A1C933526F40EDB004E7D40 /* Extensions */ = {
			isa = PBXGroup;
			children = (
				6A1C933626F40EE1004E7D40 /* UI */,
			);
			path = Extensions;
			sourceTree = "<group>";
		};
		6A1C933626F40EE1004E7D40 /* UI */ = {
			isa = PBXGroup;
			children = (
				6A1C933726F40EF7004E7D40 /* UIView+Utils.swift */,
			);
			path = UI;
			sourceTree = "<group>";
		};
		6A1C933F26F4131B004E7D40 /* ViewModels */ = {
			isa = PBXGroup;
			children = (
				6A1C934026F4133E004E7D40 /* UserFavouritesViewModel.swift */,
			);
			path = ViewModels;
			sourceTree = "<group>";
		};
		6ABEE90A26F3710E007FA4FC = {
			isa = PBXGroup;
			children = (
				6ABEE91526F3710E007FA4FC /* favqs */,
				6ABEE92C26F3710F007FA4FC /* favqsTests */,
				6ABEE93726F37110007FA4FC /* favqsUITests */,
				6ABEE91426F3710E007FA4FC /* Products */,
				93C1600E9EBC6A0AA73C4A73 /* Pods */,
				9811D6B84FC206678CD1A171 /* Frameworks */,
			);
			sourceTree = "<group>";
		};
		6ABEE91426F3710E007FA4FC /* Products */ = {
			isa = PBXGroup;
			children = (
				6ABEE91326F3710E007FA4FC /* favqs.app */,
				6ABEE92926F3710F007FA4FC /* favqsTests.xctest */,
				6ABEE93426F3710F007FA4FC /* favqsUITests.xctest */,
			);
			name = Products;
			sourceTree = "<group>";
		};
		6ABEE91526F3710E007FA4FC /* favqs */ = {
			isa = PBXGroup;
			children = (
				6ABEE91626F3710E007FA4FC /* AppDelegate.swift */,
				6ABEE96426F383C7007FA4FC /* Constants */,
				6A1C933526F40EDB004E7D40 /* Extensions */,
				6ABEE95426F38073007FA4FC /* Controllers */,
				6ABEE95E26F38165007FA4FC /* Services */,
				6ABEE94726F37B0B007FA4FC /* Coordinators */,
				6ABEE91F26F3710F007FA4FC /* Assets.xcassets */,
				6ABEE92126F3710F007FA4FC /* LaunchScreen.storyboard */,
				6ABEE92426F3710F007FA4FC /* Info.plist */,
			);
			path = favqs;
			sourceTree = "<group>";
		};
		6ABEE92C26F3710F007FA4FC /* favqsTests */ = {
			isa = PBXGroup;
			children = (
				6ABEE92D26F3710F007FA4FC /* favqsTests.swift */,
				6ABEE92F26F3710F007FA4FC /* Info.plist */,
			);
			path = favqsTests;
			sourceTree = "<group>";
		};
		6ABEE93726F37110007FA4FC /* favqsUITests */ = {
			isa = PBXGroup;
			children = (
				6ABEE93826F37110007FA4FC /* favqsUITests.swift */,
				6ABEE93A26F37110007FA4FC /* Info.plist */,
			);
			path = favqsUITests;
			sourceTree = "<group>";
		};
		6ABEE94726F37B0B007FA4FC /* Coordinators */ = {
			isa = PBXGroup;
			children = (
				6ABEE94B26F37BA1007FA4FC /* Coordinator.swift */,
				6ABEE95126F37FD8007FA4FC /* NavigationCoordinator.swift */,
				6ABEE94826F37B60007FA4FC /* AppCoordinator.swift */,
				6ABEE94E26F37F68007FA4FC /* LoginCoordinator.swift */,
				6ABEE96D26F3C47D007FA4FC /* FavouritesCoordinator.swift */,
			);
			path = Coordinators;
			sourceTree = "<group>";
		};
		6ABEE95426F38073007FA4FC /* Controllers */ = {
			isa = PBXGroup;
			children = (
				6A1C933F26F4131B004E7D40 /* ViewModels */,
				6A1C932B26F40061004E7D40 /* Cells */,
				6ABEE95626F380D7007FA4FC /* LoginViewController.swift */,
				6ABEE95526F380D7007FA4FC /* LoginViewController.storyboard */,
				6ABEE96826F3C3F4007FA4FC /* FavouritesViewController.swift */,
				6ABEE96726F3C3F4007FA4FC /* FavouritesViewController.storyboard */,
			);
			path = Controllers;
			sourceTree = "<group>";
		};
		6ABEE95E26F38165007FA4FC /* Services */ = {
			isa = PBXGroup;
			children = (
				6A1C932426F3EF43004E7D40 /* APIs */,
				6ABEE97126F3D2FF007FA4FC /* UseCases */,
				6ABEE97026F3D2DD007FA4FC /* Models */,
				6A1C933226F40D41004E7D40 /* KeychainService.swift */,
			);
			path = Services;
			sourceTree = "<group>";
		};
		6ABEE96426F383C7007FA4FC /* Constants */ = {
			isa = PBXGroup;
			children = (
				6ABEE96526F383FE007FA4FC /* StoryboardScenes.swift */,
			);
			path = Constants;
			sourceTree = "<group>";
		};
		6ABEE97026F3D2DD007FA4FC /* Models */ = {
			isa = PBXGroup;
			children = (
				6ABEE97B26F3D474007FA4FC /* SessionResponse.swift */,
				6A1C932826F3FAD3004E7D40 /* UserResponse.swift */,
				6A1C933926F410FF004E7D40 /* QuotesResponse.swift */,
			);
			path = Models;
			sourceTree = "<group>";
		};
		6ABEE97126F3D2FF007FA4FC /* UseCases */ = {
			isa = PBXGroup;
			children = (
				6ABEE97226F3D317007FA4FC /* LoginUseCase.swift */,
				6ABEE97526F3D324007FA4FC /* LogoutUseCase.swift */,
				6ABEE97826F3D333007FA4FC /* GetFavouritesUseCase.swift */,
				6A1C932126F3EC39004E7D40 /* GetUserUseCase.swift */,
			);
			path = UseCases;
			sourceTree = "<group>";
		};
		93C1600E9EBC6A0AA73C4A73 /* Pods */ = {
			isa = PBXGroup;
			children = (
				039D83985D46150C327A15C2 /* Pods-favqs.debug.xcconfig */,
				D0721549216741BA52ECD40D /* Pods-favqs.release.xcconfig */,
				63679AEDA0341042374D6D17 /* Pods-favqs-favqsUITests.debug.xcconfig */,
				93FD52FCC538BF647EFFEA0B /* Pods-favqs-favqsUITests.release.xcconfig */,
				C75FDD28F77EBC46FA235082 /* Pods-favqsTests.debug.xcconfig */,
				46E86F335A83D24E3A361E58 /* Pods-favqsTests.release.xcconfig */,
			);
			path = Pods;
			sourceTree = "<group>";
		};
		9811D6B84FC206678CD1A171 /* Frameworks */ = {
			isa = PBXGroup;
			children = (
				B047084F6221F8E56E4285C6 /* libPods-favqs.a */,
				67676F59E13DF076828CF261 /* libPods-favqs-favqsUITests.a */,
				F568C5DA5E4E52DDF6AA438C /* libPods-favqsTests.a */,
			);
			name = Frameworks;
			sourceTree = "<group>";
		};
/* End PBXGroup section */

/* Begin PBXNativeTarget section */
		6ABEE91226F3710E007FA4FC /* favqs */ = {
			isa = PBXNativeTarget;
			buildConfigurationList = 6ABEE93D26F37110007FA4FC /* Build configuration list for PBXNativeTarget "favqs" */;
			buildPhases = (
				AF6610C266A30DC2FF3BACAF /* [CP] Check Pods Manifest.lock */,
				6ABEE96326F3836B007FA4FC /* Swiftgen */,
				6ABEE94626F3784F007FA4FC /* SwiftLint */,
				6ABEE90F26F3710E007FA4FC /* Sources */,
				6ABEE91026F3710E007FA4FC /* Frameworks */,
				6ABEE91126F3710E007FA4FC /* Resources */,
			);
			buildRules = (
			);
			dependencies = (
			);
			name = favqs;
			productName = favqs;
			productReference = 6ABEE91326F3710E007FA4FC /* favqs.app */;
			productType = "com.apple.product-type.application";
		};
		6ABEE92826F3710F007FA4FC /* favqsTests */ = {
			isa = PBXNativeTarget;
			buildConfigurationList = 6ABEE94026F37110007FA4FC /* Build configuration list for PBXNativeTarget "favqsTests" */;
			buildPhases = (
				55B78649833420D734D8CBC1 /* [CP] Check Pods Manifest.lock */,
				6ABEE92526F3710F007FA4FC /* Sources */,
				6ABEE92626F3710F007FA4FC /* Frameworks */,
				6ABEE92726F3710F007FA4FC /* Resources */,
			);
			buildRules = (
			);
			dependencies = (
				6ABEE92B26F3710F007FA4FC /* PBXTargetDependency */,
			);
			name = favqsTests;
			productName = favqsTests;
			productReference = 6ABEE92926F3710F007FA4FC /* favqsTests.xctest */;
			productType = "com.apple.product-type.bundle.unit-test";
		};
		6ABEE93326F3710F007FA4FC /* favqsUITests */ = {
			isa = PBXNativeTarget;
			buildConfigurationList = 6ABEE94326F37110007FA4FC /* Build configuration list for PBXNativeTarget "favqsUITests" */;
			buildPhases = (
				E86C373C7C657836706AF848 /* [CP] Check Pods Manifest.lock */,
				6ABEE93026F3710F007FA4FC /* Sources */,
				6ABEE93126F3710F007FA4FC /* Frameworks */,
				6ABEE93226F3710F007FA4FC /* Resources */,
			);
			buildRules = (
			);
			dependencies = (
				6ABEE93626F3710F007FA4FC /* PBXTargetDependency */,
			);
			name = favqsUITests;
			productName = favqsUITests;
			productReference = 6ABEE93426F3710F007FA4FC /* favqsUITests.xctest */;
			productType = "com.apple.product-type.bundle.ui-testing";
		};
/* End PBXNativeTarget section */

/* Begin PBXProject section */
		6ABEE90B26F3710E007FA4FC /* Project object */ = {
			isa = PBXProject;
			attributes = {
				LastSwiftUpdateCheck = 1250;
				LastUpgradeCheck = 1250;
				TargetAttributes = {
					6ABEE91226F3710E007FA4FC = {
						CreatedOnToolsVersion = 12.5.1;
					};
					6ABEE92826F3710F007FA4FC = {
						CreatedOnToolsVersion = 12.5.1;
						TestTargetID = 6ABEE91226F3710E007FA4FC;
					};
					6ABEE93326F3710F007FA4FC = {
						CreatedOnToolsVersion = 12.5.1;
						TestTargetID = 6ABEE91226F3710E007FA4FC;
					};
				};
			};
			buildConfigurationList = 6ABEE90E26F3710E007FA4FC /* Build configuration list for PBXProject "favqs" */;
			compatibilityVersion = "Xcode 9.3";
			developmentRegion = en;
			hasScannedForEncodings = 0;
			knownRegions = (
				en,
				Base,
			);
			mainGroup = 6ABEE90A26F3710E007FA4FC;
			productRefGroup = 6ABEE91426F3710E007FA4FC /* Products */;
			projectDirPath = "";
			projectRoot = "";
			targets = (
				6ABEE91226F3710E007FA4FC /* favqs */,
				6ABEE92826F3710F007FA4FC /* favqsTests */,
				6ABEE93326F3710F007FA4FC /* favqsUITests */,
			);
		};
/* End PBXProject section */

/* Begin PBXResourcesBuildPhase section */
		6ABEE91126F3710E007FA4FC /* Resources */ = {
			isa = PBXResourcesBuildPhase;
			buildActionMask = 2147483647;
			files = (
				6ABEE92326F3710F007FA4FC /* LaunchScreen.storyboard in Resources */,
				6ABEE96926F3C3F4007FA4FC /* FavouritesViewController.storyboard in Resources */,
				6A1C933E26F4115E004E7D40 /* QuoteTableViewCell.xib in Resources */,
				6ABEE95726F380D7007FA4FC /* LoginViewController.storyboard in Resources */,
				6ABEE92026F3710F007FA4FC /* Assets.xcassets in Resources */,
				6A1C933026F4007C004E7D40 /* UserTableViewCell.xib in Resources */,
			);
			runOnlyForDeploymentPostprocessing = 0;
		};
		6ABEE92726F3710F007FA4FC /* Resources */ = {
			isa = PBXResourcesBuildPhase;
			buildActionMask = 2147483647;
			files = (
				6A1C933126F4007C004E7D40 /* UserTableViewCell.xib in Resources */,
			);
			runOnlyForDeploymentPostprocessing = 0;
		};
		6ABEE93226F3710F007FA4FC /* Resources */ = {
			isa = PBXResourcesBuildPhase;
			buildActionMask = 2147483647;
			files = (
				6ABEE95826F380D7007FA4FC /* LoginViewController.storyboard in Resources */,
				6ABEE96A26F3C3F4007FA4FC /* FavouritesViewController.storyboard in Resources */,
			);
			runOnlyForDeploymentPostprocessing = 0;
		};
/* End PBXResourcesBuildPhase section */

/* Begin PBXShellScriptBuildPhase section */
		55B78649833420D734D8CBC1 /* [CP] Check Pods Manifest.lock */ = {
			isa = PBXShellScriptBuildPhase;
			buildActionMask = 2147483647;
			files = (
			);
			inputFileListPaths = (
			);
			inputPaths = (
				"${PODS_PODFILE_DIR_PATH}/Podfile.lock",
				"${PODS_ROOT}/Manifest.lock",
			);
			name = "[CP] Check Pods Manifest.lock";
			outputFileListPaths = (
			);
			outputPaths = (
				"$(DERIVED_FILE_DIR)/Pods-favqsTests-checkManifestLockResult.txt",
			);
			runOnlyForDeploymentPostprocessing = 0;
			shellPath = /bin/sh;
			shellScript = "diff \"${PODS_PODFILE_DIR_PATH}/Podfile.lock\" \"${PODS_ROOT}/Manifest.lock\" > /dev/null\nif [ $? != 0 ] ; then\n    # print error to STDERR\n    echo \"error: The sandbox is not in sync with the Podfile.lock. Run 'pod install' or update your CocoaPods installation.\" >&2\n    exit 1\nfi\n# This output is used by Xcode 'outputs' to avoid re-running this script phase.\necho \"SUCCESS\" > \"${SCRIPT_OUTPUT_FILE_0}\"\n";
			showEnvVarsInLog = 0;
		};
		6ABEE94626F3784F007FA4FC /* SwiftLint */ = {
			isa = PBXShellScriptBuildPhase;
			buildActionMask = 2147483647;
			files = (
			);
			inputFileListPaths = (
			);
			inputPaths = (
			);
			name = SwiftLint;
			outputFileListPaths = (
			);
			outputPaths = (
			);
			runOnlyForDeploymentPostprocessing = 0;
			shellPath = /bin/sh;
			shellScript = "\"$PODS_ROOT\"/SwiftLint/swiftlint    \n";
		};
		6ABEE96326F3836B007FA4FC /* Swiftgen */ = {
			isa = PBXShellScriptBuildPhase;
			buildActionMask = 2147483647;
			files = (
			);
			inputFileListPaths = (
			);
			inputPaths = (
			);
			name = Swiftgen;
			outputFileListPaths = (
			);
			outputPaths = (
			);
			runOnlyForDeploymentPostprocessing = 0;
			shellPath = /bin/sh;
			shellScript = "\"$PODS_ROOT\"/SwiftGen/bin/swiftgen\n";
		};
		AF6610C266A30DC2FF3BACAF /* [CP] Check Pods Manifest.lock */ = {
			isa = PBXShellScriptBuildPhase;
			buildActionMask = 2147483647;
			files = (
			);
			inputFileListPaths = (
			);
			inputPaths = (
				"${PODS_PODFILE_DIR_PATH}/Podfile.lock",
				"${PODS_ROOT}/Manifest.lock",
			);
			name = "[CP] Check Pods Manifest.lock";
			outputFileListPaths = (
			);
			outputPaths = (
				"$(DERIVED_FILE_DIR)/Pods-favqs-checkManifestLockResult.txt",
			);
			runOnlyForDeploymentPostprocessing = 0;
			shellPath = /bin/sh;
			shellScript = "diff \"${PODS_PODFILE_DIR_PATH}/Podfile.lock\" \"${PODS_ROOT}/Manifest.lock\" > /dev/null\nif [ $? != 0 ] ; then\n    # print error to STDERR\n    echo \"error: The sandbox is not in sync with the Podfile.lock. Run 'pod install' or update your CocoaPods installation.\" >&2\n    exit 1\nfi\n# This output is used by Xcode 'outputs' to avoid re-running this script phase.\necho \"SUCCESS\" > \"${SCRIPT_OUTPUT_FILE_0}\"\n";
			showEnvVarsInLog = 0;
		};
		E86C373C7C657836706AF848 /* [CP] Check Pods Manifest.lock */ = {
			isa = PBXShellScriptBuildPhase;
			buildActionMask = 2147483647;
			files = (
			);
			inputFileListPaths = (
			);
			inputPaths = (
				"${PODS_PODFILE_DIR_PATH}/Podfile.lock",
				"${PODS_ROOT}/Manifest.lock",
			);
			name = "[CP] Check Pods Manifest.lock";
			outputFileListPaths = (
			);
			outputPaths = (
				"$(DERIVED_FILE_DIR)/Pods-favqs-favqsUITests-checkManifestLockResult.txt",
			);
			runOnlyForDeploymentPostprocessing = 0;
			shellPath = /bin/sh;
			shellScript = "diff \"${PODS_PODFILE_DIR_PATH}/Podfile.lock\" \"${PODS_ROOT}/Manifest.lock\" > /dev/null\nif [ $? != 0 ] ; then\n    # print error to STDERR\n    echo \"error: The sandbox is not in sync with the Podfile.lock. Run 'pod install' or update your CocoaPods installation.\" >&2\n    exit 1\nfi\n# This output is used by Xcode 'outputs' to avoid re-running this script phase.\necho \"SUCCESS\" > \"${SCRIPT_OUTPUT_FILE_0}\"\n";
			showEnvVarsInLog = 0;
		};
/* End PBXShellScriptBuildPhase section */

/* Begin PBXSourcesBuildPhase section */
		6ABEE90F26F3710E007FA4FC /* Sources */ = {
			isa = PBXSourcesBuildPhase;
			buildActionMask = 2147483647;
			files = (
				6ABEE96B26F3C3F4007FA4FC /* FavouritesViewController.swift in Sources */,
				6A1C933A26F410FF004E7D40 /* QuotesResponse.swift in Sources */,
				6ABEE95926F380D7007FA4FC /* LoginViewController.swift in Sources */,
				6A1C932226F3EC39004E7D40 /* GetUserUseCase.swift in Sources */,
				6A1C932E26F4007C004E7D40 /* UserTableViewCell.swift in Sources */,
				6ABEE96E26F3C47D007FA4FC /* FavouritesCoordinator.swift in Sources */,
				6A1C934326F49443004E7D40 /* ApiRouter.swift in Sources */,
				6ABEE97C26F3D474007FA4FC /* SessionResponse.swift in Sources */,
				6ABEE97326F3D317007FA4FC /* LoginUseCase.swift in Sources */,
				6ABEE94C26F37BA1007FA4FC /* Coordinator.swift in Sources */,
				6ABEE97626F3D324007FA4FC /* LogoutUseCase.swift in Sources */,
				6A1C933826F40EF7004E7D40 /* UIView+Utils.swift in Sources */,
				6ABEE96626F383FE007FA4FC /* StoryboardScenes.swift in Sources */,
				6A1C933326F40D41004E7D40 /* KeychainService.swift in Sources */,
				6A1C934126F4133E004E7D40 /* UserFavouritesViewModel.swift in Sources */,
				6ABEE94926F37B60007FA4FC /* AppCoordinator.swift in Sources */,
				6ABEE94F26F37F68007FA4FC /* LoginCoordinator.swift in Sources */,
				6A1C932926F3FAD3004E7D40 /* UserResponse.swift in Sources */,
				6ABEE95226F37FD8007FA4FC /* NavigationCoordinator.swift in Sources */,
				6ABEE91726F3710E007FA4FC /* AppDelegate.swift in Sources */,
				6A1C933D26F4115E004E7D40 /* QuoteTableViewCell.swift in Sources */,
				6ABEE97926F3D333007FA4FC /* GetFavouritesUseCase.swift in Sources */,
				6ABEE96026F381A7007FA4FC /* WebServiceClient.swift in Sources */,
			);
			runOnlyForDeploymentPostprocessing = 0;
		};
		6ABEE92526F3710F007FA4FC /* Sources */ = {
			isa = PBXSourcesBuildPhase;
			buildActionMask = 2147483647;
			files = (
				6ABEE92E26F3710F007FA4FC /* favqsTests.swift in Sources */,
				6A1C932F26F4007C004E7D40 /* UserTableViewCell.swift in Sources */,
				6ABEE97A26F3D333007FA4FC /* GetFavouritesUseCase.swift in Sources */,
				6ABEE97726F3D324007FA4FC /* LogoutUseCase.swift in Sources */,
				6A1C933426F40D41004E7D40 /* KeychainService.swift in Sources */,
				6ABEE96126F381A7007FA4FC /* WebServiceClient.swift in Sources */,
				6A1C934426F49443004E7D40 /* ApiRouter.swift in Sources */,
				6A1C932A26F3FAD3004E7D40 /* UserResponse.swift in Sources */,
				6ABEE97426F3D317007FA4FC /* LoginUseCase.swift in Sources */,
				6ABEE97D26F3D474007FA4FC /* SessionResponse.swift in Sources */,
				6A1C932326F3EC39004E7D40 /* GetUserUseCase.swift in Sources */,
			);
			runOnlyForDeploymentPostprocessing = 0;
		};
		6ABEE93026F3710F007FA4FC /* Sources */ = {
			isa = PBXSourcesBuildPhase;
			buildActionMask = 2147483647;
			files = (
				6ABEE96C26F3C3F4007FA4FC /* FavouritesViewController.swift in Sources */,
				6ABEE95A26F380D7007FA4FC /* LoginViewController.swift in Sources */,
				6ABEE96F26F3C47D007FA4FC /* FavouritesCoordinator.swift in Sources */,
				6ABEE94A26F37B60007FA4FC /* AppCoordinator.swift in Sources */,
				6ABEE93926F37110007FA4FC /* favqsUITests.swift in Sources */,
				6ABEE96226F381A7007FA4FC /* WebServiceClient.swift in Sources */,
				6ABEE95026F37F68007FA4FC /* LoginCoordinator.swift in Sources */,
				6ABEE95326F37FD8007FA4FC /* NavigationCoordinator.swift in Sources */,
				6ABEE94D26F37BA1007FA4FC /* Coordinator.swift in Sources */,
			);
			runOnlyForDeploymentPostprocessing = 0;
		};
/* End PBXSourcesBuildPhase section */

/* Begin PBXTargetDependency section */
		6ABEE92B26F3710F007FA4FC /* PBXTargetDependency */ = {
			isa = PBXTargetDependency;
			target = 6ABEE91226F3710E007FA4FC /* favqs */;
			targetProxy = 6ABEE92A26F3710F007FA4FC /* PBXContainerItemProxy */;
		};
		6ABEE93626F3710F007FA4FC /* PBXTargetDependency */ = {
			isa = PBXTargetDependency;
			target = 6ABEE91226F3710E007FA4FC /* favqs */;
			targetProxy = 6ABEE93526F3710F007FA4FC /* PBXContainerItemProxy */;
		};
/* End PBXTargetDependency section */

/* Begin PBXVariantGroup section */
		6ABEE92126F3710F007FA4FC /* LaunchScreen.storyboard */ = {
			isa = PBXVariantGroup;
			children = (
				6ABEE92226F3710F007FA4FC /* Base */,
			);
			name = LaunchScreen.storyboard;
			sourceTree = "<group>";
		};
/* End PBXVariantGroup section */

/* Begin XCBuildConfiguration section */
		6ABEE93B26F37110007FA4FC /* Debug */ = {
			isa = XCBuildConfiguration;
			buildSettings = {
				ALWAYS_SEARCH_USER_PATHS = NO;
				CLANG_ANALYZER_NONNULL = YES;
				CLANG_ANALYZER_NUMBER_OBJECT_CONVERSION = YES_AGGRESSIVE;
				CLANG_CXX_LANGUAGE_STANDARD = "gnu++14";
				CLANG_CXX_LIBRARY = "libc++";
				CLANG_ENABLE_MODULES = YES;
				CLANG_ENABLE_OBJC_ARC = YES;
				CLANG_ENABLE_OBJC_WEAK = YES;
				CLANG_WARN_BLOCK_CAPTURE_AUTORELEASING = YES;
				CLANG_WARN_BOOL_CONVERSION = YES;
				CLANG_WARN_COMMA = YES;
				CLANG_WARN_CONSTANT_CONVERSION = YES;
				CLANG_WARN_DEPRECATED_OBJC_IMPLEMENTATIONS = YES;
				CLANG_WARN_DIRECT_OBJC_ISA_USAGE = YES_ERROR;
				CLANG_WARN_DOCUMENTATION_COMMENTS = YES;
				CLANG_WARN_EMPTY_BODY = YES;
				CLANG_WARN_ENUM_CONVERSION = YES;
				CLANG_WARN_INFINITE_RECURSION = YES;
				CLANG_WARN_INT_CONVERSION = YES;
				CLANG_WARN_NON_LITERAL_NULL_CONVERSION = YES;
				CLANG_WARN_OBJC_IMPLICIT_RETAIN_SELF = YES;
				CLANG_WARN_OBJC_LITERAL_CONVERSION = YES;
				CLANG_WARN_OBJC_ROOT_CLASS = YES_ERROR;
				CLANG_WARN_QUOTED_INCLUDE_IN_FRAMEWORK_HEADER = YES;
				CLANG_WARN_RANGE_LOOP_ANALYSIS = YES;
				CLANG_WARN_STRICT_PROTOTYPES = YES;
				CLANG_WARN_SUSPICIOUS_MOVE = YES;
				CLANG_WARN_UNGUARDED_AVAILABILITY = YES_AGGRESSIVE;
				CLANG_WARN_UNREACHABLE_CODE = YES;
				CLANG_WARN__DUPLICATE_METHOD_MATCH = YES;
				COPY_PHASE_STRIP = NO;
				DEBUG_INFORMATION_FORMAT = dwarf;
				ENABLE_STRICT_OBJC_MSGSEND = YES;
				ENABLE_TESTABILITY = YES;
				GCC_C_LANGUAGE_STANDARD = gnu11;
				GCC_DYNAMIC_NO_PIC = NO;
				GCC_NO_COMMON_BLOCKS = YES;
				GCC_OPTIMIZATION_LEVEL = 0;
				GCC_PREPROCESSOR_DEFINITIONS = (
					"DEBUG=1",
					"$(inherited)",
				);
				GCC_WARN_64_TO_32_BIT_CONVERSION = YES;
				GCC_WARN_ABOUT_RETURN_TYPE = YES_ERROR;
				GCC_WARN_UNDECLARED_SELECTOR = YES;
				GCC_WARN_UNINITIALIZED_AUTOS = YES_AGGRESSIVE;
				GCC_WARN_UNUSED_FUNCTION = YES;
				GCC_WARN_UNUSED_VARIABLE = YES;
				IPHONEOS_DEPLOYMENT_TARGET = 13.0;
				MTL_ENABLE_DEBUG_INFO = INCLUDE_SOURCE;
				MTL_FAST_MATH = YES;
				ONLY_ACTIVE_ARCH = YES;
				SDKROOT = iphoneos;
				SWIFT_ACTIVE_COMPILATION_CONDITIONS = DEBUG;
				SWIFT_OPTIMIZATION_LEVEL = "-Onone";
			};
			name = Debug;
		};
		6ABEE93C26F37110007FA4FC /* Release */ = {
			isa = XCBuildConfiguration;
			buildSettings = {
				ALWAYS_SEARCH_USER_PATHS = NO;
				CLANG_ANALYZER_NONNULL = YES;
				CLANG_ANALYZER_NUMBER_OBJECT_CONVERSION = YES_AGGRESSIVE;
				CLANG_CXX_LANGUAGE_STANDARD = "gnu++14";
				CLANG_CXX_LIBRARY = "libc++";
				CLANG_ENABLE_MODULES = YES;
				CLANG_ENABLE_OBJC_ARC = YES;
				CLANG_ENABLE_OBJC_WEAK = YES;
				CLANG_WARN_BLOCK_CAPTURE_AUTORELEASING = YES;
				CLANG_WARN_BOOL_CONVERSION = YES;
				CLANG_WARN_COMMA = YES;
				CLANG_WARN_CONSTANT_CONVERSION = YES;
				CLANG_WARN_DEPRECATED_OBJC_IMPLEMENTATIONS = YES;
				CLANG_WARN_DIRECT_OBJC_ISA_USAGE = YES_ERROR;
				CLANG_WARN_DOCUMENTATION_COMMENTS = YES;
				CLANG_WARN_EMPTY_BODY = YES;
				CLANG_WARN_ENUM_CONVERSION = YES;
				CLANG_WARN_INFINITE_RECURSION = YES;
				CLANG_WARN_INT_CONVERSION = YES;
				CLANG_WARN_NON_LITERAL_NULL_CONVERSION = YES;
				CLANG_WARN_OBJC_IMPLICIT_RETAIN_SELF = YES;
				CLANG_WARN_OBJC_LITERAL_CONVERSION = YES;
				CLANG_WARN_OBJC_ROOT_CLASS = YES_ERROR;
				CLANG_WARN_QUOTED_INCLUDE_IN_FRAMEWORK_HEADER = YES;
				CLANG_WARN_RANGE_LOOP_ANALYSIS = YES;
				CLANG_WARN_STRICT_PROTOTYPES = YES;
				CLANG_WARN_SUSPICIOUS_MOVE = YES;
				CLANG_WARN_UNGUARDED_AVAILABILITY = YES_AGGRESSIVE;
				CLANG_WARN_UNREACHABLE_CODE = YES;
				CLANG_WARN__DUPLICATE_METHOD_MATCH = YES;
				COPY_PHASE_STRIP = NO;
				DEBUG_INFORMATION_FORMAT = "dwarf-with-dsym";
				ENABLE_NS_ASSERTIONS = NO;
				ENABLE_STRICT_OBJC_MSGSEND = YES;
				GCC_C_LANGUAGE_STANDARD = gnu11;
				GCC_NO_COMMON_BLOCKS = YES;
				GCC_WARN_64_TO_32_BIT_CONVERSION = YES;
				GCC_WARN_ABOUT_RETURN_TYPE = YES_ERROR;
				GCC_WARN_UNDECLARED_SELECTOR = YES;
				GCC_WARN_UNINITIALIZED_AUTOS = YES_AGGRESSIVE;
				GCC_WARN_UNUSED_FUNCTION = YES;
				GCC_WARN_UNUSED_VARIABLE = YES;
				IPHONEOS_DEPLOYMENT_TARGET = 13.0;
				MTL_ENABLE_DEBUG_INFO = NO;
				MTL_FAST_MATH = YES;
				SDKROOT = iphoneos;
				SWIFT_COMPILATION_MODE = wholemodule;
				SWIFT_OPTIMIZATION_LEVEL = "-O";
				VALIDATE_PRODUCT = YES;
			};
			name = Release;
		};
		6ABEE93E26F37110007FA4FC /* Debug */ = {
			isa = XCBuildConfiguration;
			baseConfigurationReference = 039D83985D46150C327A15C2 /* Pods-favqs.debug.xcconfig */;
			buildSettings = {
				ASSETCATALOG_COMPILER_APPICON_NAME = AppIcon;
				ASSETCATALOG_COMPILER_GLOBAL_ACCENT_COLOR_NAME = AccentColor;
				CODE_SIGN_STYLE = Automatic;
				INFOPLIST_FILE = favqs/Info.plist;
				LD_RUNPATH_SEARCH_PATHS = (
					"$(inherited)",
					"@executable_path/Frameworks",
				);
				PRODUCT_BUNDLE_IDENTIFIER = ai.memorizer.favqs;
				PRODUCT_NAME = "$(TARGET_NAME)";
				SWIFT_VERSION = 5.0;
				TARGETED_DEVICE_FAMILY = 1;
			};
			name = Debug;
		};
		6ABEE93F26F37110007FA4FC /* Release */ = {
			isa = XCBuildConfiguration;
			baseConfigurationReference = D0721549216741BA52ECD40D /* Pods-favqs.release.xcconfig */;
			buildSettings = {
				ASSETCATALOG_COMPILER_APPICON_NAME = AppIcon;
				ASSETCATALOG_COMPILER_GLOBAL_ACCENT_COLOR_NAME = AccentColor;
				CODE_SIGN_STYLE = Automatic;
				INFOPLIST_FILE = favqs/Info.plist;
				LD_RUNPATH_SEARCH_PATHS = (
					"$(inherited)",
					"@executable_path/Frameworks",
				);
				PRODUCT_BUNDLE_IDENTIFIER = ai.memorizer.favqs;
				PRODUCT_NAME = "$(TARGET_NAME)";
				SWIFT_VERSION = 5.0;
				TARGETED_DEVICE_FAMILY = 1;
			};
			name = Release;
		};
		6ABEE94126F37110007FA4FC /* Debug */ = {
			isa = XCBuildConfiguration;
			baseConfigurationReference = C75FDD28F77EBC46FA235082 /* Pods-favqsTests.debug.xcconfig */;
			buildSettings = {
				ALWAYS_EMBED_SWIFT_STANDARD_LIBRARIES = YES;
				BUNDLE_LOADER = "$(TEST_HOST)";
				CODE_SIGN_STYLE = Automatic;
				INFOPLIST_FILE = favqsTests/Info.plist;
				IPHONEOS_DEPLOYMENT_TARGET = 14.5;
				LD_RUNPATH_SEARCH_PATHS = (
					"$(inherited)",
					"@executable_path/Frameworks",
					"@loader_path/Frameworks",
				);
				PRODUCT_BUNDLE_IDENTIFIER = ai.memorizer.favqsTests;
				PRODUCT_NAME = "$(TARGET_NAME)";
				SWIFT_VERSION = 5.0;
				TARGETED_DEVICE_FAMILY = "1,2";
				TEST_HOST = "$(BUILT_PRODUCTS_DIR)/favqs.app/favqs";
			};
			name = Debug;
		};
		6ABEE94226F37110007FA4FC /* Release */ = {
			isa = XCBuildConfiguration;
			baseConfigurationReference = 46E86F335A83D24E3A361E58 /* Pods-favqsTests.release.xcconfig */;
			buildSettings = {
				ALWAYS_EMBED_SWIFT_STANDARD_LIBRARIES = YES;
				BUNDLE_LOADER = "$(TEST_HOST)";
				CODE_SIGN_STYLE = Automatic;
				INFOPLIST_FILE = favqsTests/Info.plist;
				IPHONEOS_DEPLOYMENT_TARGET = 14.5;
				LD_RUNPATH_SEARCH_PATHS = (
					"$(inherited)",
					"@executable_path/Frameworks",
					"@loader_path/Frameworks",
				);
				PRODUCT_BUNDLE_IDENTIFIER = ai.memorizer.favqsTests;
				PRODUCT_NAME = "$(TARGET_NAME)";
				SWIFT_VERSION = 5.0;
				TARGETED_DEVICE_FAMILY = "1,2";
				TEST_HOST = "$(BUILT_PRODUCTS_DIR)/favqs.app/favqs";
			};
			name = Release;
		};
		6ABEE94426F37110007FA4FC /* Debug */ = {
			isa = XCBuildConfiguration;
			baseConfigurationReference = 63679AEDA0341042374D6D17 /* Pods-favqs-favqsUITests.debug.xcconfig */;
			buildSettings = {
				ALWAYS_EMBED_SWIFT_STANDARD_LIBRARIES = YES;
				CODE_SIGN_STYLE = Automatic;
				INFOPLIST_FILE = favqsUITests/Info.plist;
				LD_RUNPATH_SEARCH_PATHS = (
					"$(inherited)",
					"@executable_path/Frameworks",
					"@loader_path/Frameworks",
				);
				PRODUCT_BUNDLE_IDENTIFIER = ai.memorizer.favqsUITests;
				PRODUCT_NAME = "$(TARGET_NAME)";
				SWIFT_VERSION = 5.0;
				TARGETED_DEVICE_FAMILY = "1,2";
				TEST_TARGET_NAME = favqs;
			};
			name = Debug;
		};
		6ABEE94526F37110007FA4FC /* Release */ = {
			isa = XCBuildConfiguration;
			baseConfigurationReference = 93FD52FCC538BF647EFFEA0B /* Pods-favqs-favqsUITests.release.xcconfig */;
			buildSettings = {
				ALWAYS_EMBED_SWIFT_STANDARD_LIBRARIES = YES;
				CODE_SIGN_STYLE = Automatic;
				INFOPLIST_FILE = favqsUITests/Info.plist;
				LD_RUNPATH_SEARCH_PATHS = (
					"$(inherited)",
					"@executable_path/Frameworks",
					"@loader_path/Frameworks",
				);
				PRODUCT_BUNDLE_IDENTIFIER = ai.memorizer.favqsUITests;
				PRODUCT_NAME = "$(TARGET_NAME)";
				SWIFT_VERSION = 5.0;
				TARGETED_DEVICE_FAMILY = "1,2";
				TEST_TARGET_NAME = favqs;
			};
			name = Release;
		};
/* End XCBuildConfiguration section */

/* Begin XCConfigurationList section */
		6ABEE90E26F3710E007FA4FC /* Build configuration list for PBXProject "favqs" */ = {
			isa = XCConfigurationList;
			buildConfigurations = (
				6ABEE93B26F37110007FA4FC /* Debug */,
				6ABEE93C26F37110007FA4FC /* Release */,
			);
			defaultConfigurationIsVisible = 0;
			defaultConfigurationName = Release;
		};
		6ABEE93D26F37110007FA4FC /* Build configuration list for PBXNativeTarget "favqs" */ = {
			isa = XCConfigurationList;
			buildConfigurations = (
				6ABEE93E26F37110007FA4FC /* Debug */,
				6ABEE93F26F37110007FA4FC /* Release */,
			);
			defaultConfigurationIsVisible = 0;
			defaultConfigurationName = Release;
		};
		6ABEE94026F37110007FA4FC /* Build configuration list for PBXNativeTarget "favqsTests" */ = {
			isa = XCConfigurationList;
			buildConfigurations = (
				6ABEE94126F37110007FA4FC /* Debug */,
				6ABEE94226F37110007FA4FC /* Release */,
			);
			defaultConfigurationIsVisible = 0;
			defaultConfigurationName = Release;
		};
		6ABEE94326F37110007FA4FC /* Build configuration list for PBXNativeTarget "favqsUITests" */ = {
			isa = XCConfigurationList;
			buildConfigurations = (
				6ABEE94426F37110007FA4FC /* Debug */,
				6ABEE94526F37110007FA4FC /* Release */,
			);
			defaultConfigurationIsVisible = 0;
			defaultConfigurationName = Release;
		};
/* End XCConfigurationList section */
	};
	rootObject = 6ABEE90B26F3710E007FA4FC /* Project object */;
}
